<Solution>
  <Folder Name="/Solution Items/">
    <File Path="docker-compose.yml" />
  </Folder>
  <Project Path="AutomationStation.Application/AutomationStation.Application.csproj" />
  <Project Path="AutomationStation.Core/AutomationStation.Core.csproj" />
  <Project Path="AutomationStation.Infrastructure/AutomationStation.Infrastructure.csproj" />
  <Project Path="AutomationStation.Worker/AutomationStation.Worker.csproj" />
</Solution>
